// !$*UTF8*$!
{
	archiveVersion = 1;
	classes = {
	};
	objectVersion = 56;
	objects = {

/* Begin PBXBuildFile section */
		04151B3C2DCBC72500B4ACB5 /* CalendarManagerTests.swift in Sources */ = {isa = PBXBuildFile; fileRef = 04151B3B2DCBC71F00B4ACB5 /* CalendarManagerTests.swift */; };
		045052992DB685A700F2BEE3 /* Sequence+Async.swift in Sources */ = {isa = PBXBuildFile; fileRef = 045052982DB685A300F2BEE3 /* Sequence+Async.swift */; };
		0450529B2DB685CB00F2BEE3 /* PreviewNetworkManager.swift in Sources */ = {isa = PBXBuildFile; fileRef = 0450529A2DB685C700F2BEE3 /* PreviewNetworkManager.swift */; };
		0450529D2DB685F400F2BEE3 /* DataLoader.swift in Sources */ = {isa = PBXBuildFile; fileRef = 0450529C2DB685F000F2BEE3 /* DataLoader.swift */; };
		045052A02DB6862100F2BEE3 /* PreviewDataLoader.swift in Sources */ = {isa = PBXBuildFile; fileRef = 0450529F2DB6861E00F2BEE3 /* PreviewDataLoader.swift */; };
		045052A22DB6AC0500F2BEE3 /* AnimatedMoon.swift in Sources */ = {isa = PBXBuildFile; fileRef = 045052A12DB6AC0200F2BEE3 /* AnimatedMoon.swift */; };
		045513DC2CA234840072221A /* MoonApp.swift in Sources */ = {isa = PBXBuildFile; fileRef = 045513DB2CA234840072221A /* MoonApp.swift */; };
		045513DE2CA234840072221A /* ContentView.swift in Sources */ = {isa = PBXBuildFile; fileRef = 045513DD2CA234840072221A /* ContentView.swift */; };
		045513E02CA234850072221A /* Assets.xcassets in Resources */ = {isa = PBXBuildFile; fileRef = 045513DF2CA234850072221A /* Assets.xcassets */; };
		045513E32CA234850072221A /* Preview Assets.xcassets in Resources */ = {isa = PBXBuildFile; fileRef = 045513E22CA234850072221A /* Preview Assets.xcassets */; };
		045513ED2CA234850072221A /* MoonPhaseResponseTests.swift in Sources */ = {isa = PBXBuildFile; fileRef = 045513EC2CA234850072221A /* MoonPhaseResponseTests.swift */; };
		045513F72CA234850072221A /* MoonUITests.swift in Sources */ = {isa = PBXBuildFile; fileRef = 045513F62CA234850072221A /* MoonUITests.swift */; };
		045513F92CA234850072221A /* MoonUITestsLaunchTests.swift in Sources */ = {isa = PBXBuildFile; fileRef = 045513F82CA234850072221A /* MoonUITestsLaunchTests.swift */; };
		045514072CA235A70072221A /* API.swift in Sources */ = {isa = PBXBuildFile; fileRef = 045514062CA235A70072221A /* API.swift */; };
		045514092CA23A5D0072221A /* MoonPhaseResponse.swift in Sources */ = {isa = PBXBuildFile; fileRef = 045514082CA23A5D0072221A /* MoonPhaseResponse.swift */; };
		045514112CA26ED10072221A /* TestJSON.json in Resources */ = {isa = PBXBuildFile; fileRef = 045514102CA26ED10072221A /* TestJSON.json */; };
		0476DE2F2DB3FD7A009ED2A3 /* MoonModel.swift in Sources */ = {isa = PBXBuildFile; fileRef = 0476DE2E2DB3FD77009ED2A3 /* MoonModel.swift */; };
		0476DE312DB3FD93009ED2A3 /* MoonShadowView.swift in Sources */ = {isa = PBXBuildFile; fileRef = 0476DE302DB3FD8E009ED2A3 /* MoonShadowView.swift */; };
		0476DE332DB3FDC1009ED2A3 /* MoonShadow.swift in Sources */ = {isa = PBXBuildFile; fileRef = 0476DE322DB3FDBF009ED2A3 /* MoonShadow.swift */; };
		0476DE362DB40311009ED2A3 /* NSCache+MoonCache.swift in Sources */ = {isa = PBXBuildFile; fileRef = 0476DE352DB4030C009ED2A3 /* NSCache+MoonCache.swift */; };
		0489434B2DB1810400EC669A /* FormatStyle+NetworkFormat.swift in Sources */ = {isa = PBXBuildFile; fileRef = 0489434A2DB180FF00EC669A /* FormatStyle+NetworkFormat.swift */; };
		0489434D2DB1811D00EC669A /* NetworkManager.swift in Sources */ = {isa = PBXBuildFile; fileRef = 0489434C2DB1811A00EC669A /* NetworkManager.swift */; };
		0489434F2DB1813600EC669A /* Network.swift in Sources */ = {isa = PBXBuildFile; fileRef = 0489434E2DB1813300EC669A /* Network.swift */; };
		048943522DB1816200EC669A /* MoonPhaseDay.swift in Sources */ = {isa = PBXBuildFile; fileRef = 048943512DB1816000EC669A /* MoonPhaseDay.swift */; };
		048943542DB1817900EC669A /* MoonPhaseRangeResponse.swift in Sources */ = {isa = PBXBuildFile; fileRef = 048943532DB1817500EC669A /* MoonPhaseRangeResponse.swift */; };
		048943562DB184D600EC669A /* Moon.swift in Sources */ = {isa = PBXBuildFile; fileRef = 048943552DB184D000EC669A /* Moon.swift */; };
		04C24C552DCF9DC2002390A7 /* CalendarManager.swift in Sources */ = {isa = PBXBuildFile; fileRef = 04C24C532DCF9DC2002390A7 /* CalendarManager.swift */; };
		04C24C562DCF9DC2002390A7 /* MoonCalendar.swift in Sources */ = {isa = PBXBuildFile; fileRef = 04C24C542DCF9DC2002390A7 /* MoonCalendar.swift */; };
		04C24C592DCF9DC2002390A7 /* LocationManager.swift in Sources */ = {isa = PBXBuildFile; fileRef = 04C24C582DCF9DC2002390A7 /* LocationManager.swift */; };
		04C24C5A2DCF9DC2002390A7 /* Location.swift in Sources */ = {isa = PBXBuildFile; fileRef = 04C24C572DCF9DC2002390A7 /* Location.swift */; };
		04C24C5D2DD0EEC8002390A7 /* EnvironmentValues.swift in Sources */ = {isa = PBXBuildFile; fileRef = 04C24C5C2DD0EEC3002390A7 /* EnvironmentValues.swift */; };
		04C24C632DD0EF8B002390A7 /* EventViewController.swift in Sources */ = {isa = PBXBuildFile; fileRef = 04C24C622DD0EF8B002390A7 /* EventViewController.swift */; };
		04C24C652DD0EFD3002390A7 /* EventViewControllerDelegate.swift in Sources */ = {isa = PBXBuildFile; fileRef = 04C24C642DD0EFD3002390A7 /* EventViewControllerDelegate.swift */; };
		04F22FAE2DBDBD16006DDADD /* MoonModelTests.swift in Sources */ = {isa = PBXBuildFile; fileRef = 04F22FAD2DBDBD11006DDADD /* MoonModelTests.swift */; };
		04F36D1E2DB84E1A002D620E /* DataLoaderTests.swift in Sources */ = {isa = PBXBuildFile; fileRef = 04F36D1D2DB84E17002D620E /* DataLoaderTests.swift */; };
		04F36D202DB84F24002D620E /* Calendar+DatesBetween.swift in Sources */ = {isa = PBXBuildFile; fileRef = 04F36D1F2DB84F1F002D620E /* Calendar+DatesBetween.swift */; };
		04F36D222DB9DE75002D620E /* NetworkManagerTests.swift in Sources */ = {isa = PBXBuildFile; fileRef = 04F36D212DB9DE6F002D620E /* NetworkManagerTests.swift */; };
/* End PBXBuildFile section */

/* Begin PBXContainerItemProxy section */
		045513E92CA234850072221A /* PBXContainerItemProxy */ = {
			isa = PBXContainerItemProxy;
			containerPortal = 045513D02CA234840072221A /* Project object */;
			proxyType = 1;
			remoteGlobalIDString = 045513D72CA234840072221A;
			remoteInfo = Moon;
		};
		045513F32CA234850072221A /* PBXContainerItemProxy */ = {
			isa = PBXContainerItemProxy;
			containerPortal = 045513D02CA234840072221A /* Project object */;
			proxyType = 1;
			remoteGlobalIDString = 045513D72CA234840072221A;
			remoteInfo = Moon;
		};
/* End PBXContainerItemProxy section */

/* Begin PBXFileReference section */
		04151B3B2DCBC71F00B4ACB5 /* CalendarManagerTests.swift */ = {isa = PBXFileReference; lastKnownFileType = sourcecode.swift; path = CalendarManagerTests.swift; sourceTree = "<group>"; };
		04151B3D2DCBCC0B00B4ACB5 /* Info.plist */ = {isa = PBXFileReference; lastKnownFileType = text.plist; path = Info.plist; sourceTree = "<group>"; };
		045052982DB685A300F2BEE3 /* Sequence+Async.swift */ = {isa = PBXFileReference; lastKnownFileType = sourcecode.swift; path = "Sequence+Async.swift"; sourceTree = "<group>"; };
		0450529A2DB685C700F2BEE3 /* PreviewNetworkManager.swift */ = {isa = PBXFileReference; lastKnownFileType = sourcecode.swift; path = PreviewNetworkManager.swift; sourceTree = "<group>"; };
		0450529C2DB685F000F2BEE3 /* DataLoader.swift */ = {isa = PBXFileReference; lastKnownFileType = sourcecode.swift; path = DataLoader.swift; sourceTree = "<group>"; };
		0450529F2DB6861E00F2BEE3 /* PreviewDataLoader.swift */ = {isa = PBXFileReference; lastKnownFileType = sourcecode.swift; path = PreviewDataLoader.swift; sourceTree = "<group>"; };
		045052A12DB6AC0200F2BEE3 /* AnimatedMoon.swift */ = {isa = PBXFileReference; lastKnownFileType = sourcecode.swift; path = AnimatedMoon.swift; sourceTree = "<group>"; };
		045513D82CA234840072221A /* Moon.app */ = {isa = PBXFileReference; explicitFileType = wrapper.application; includeInIndex = 0; path = Moon.app; sourceTree = BUILT_PRODUCTS_DIR; };
		045513DB2CA234840072221A /* MoonApp.swift */ = {isa = PBXFileReference; lastKnownFileType = sourcecode.swift; path = MoonApp.swift; sourceTree = "<group>"; };
		045513DD2CA234840072221A /* ContentView.swift */ = {isa = PBXFileReference; lastKnownFileType = sourcecode.swift; path = ContentView.swift; sourceTree = "<group>"; };
		045513DF2CA234850072221A /* Assets.xcassets */ = {isa = PBXFileReference; lastKnownFileType = folder.assetcatalog; path = Assets.xcassets; sourceTree = "<group>"; };
		045513E22CA234850072221A /* Preview Assets.xcassets */ = {isa = PBXFileReference; lastKnownFileType = folder.assetcatalog; path = "Preview Assets.xcassets"; sourceTree = "<group>"; };
		045513E82CA234850072221A /* MoonTests.xctest */ = {isa = PBXFileReference; explicitFileType = wrapper.cfbundle; includeInIndex = 0; path = MoonTests.xctest; sourceTree = BUILT_PRODUCTS_DIR; };
		045513EC2CA234850072221A /* MoonPhaseResponseTests.swift */ = {isa = PBXFileReference; lastKnownFileType = sourcecode.swift; path = MoonPhaseResponseTests.swift; sourceTree = "<group>"; };
		045513F22CA234850072221A /* MoonUITests.xctest */ = {isa = PBXFileReference; explicitFileType = wrapper.cfbundle; includeInIndex = 0; path = MoonUITests.xctest; sourceTree = BUILT_PRODUCTS_DIR; };
		045513F62CA234850072221A /* MoonUITests.swift */ = {isa = PBXFileReference; lastKnownFileType = sourcecode.swift; path = MoonUITests.swift; sourceTree = "<group>"; };
		045513F82CA234850072221A /* MoonUITestsLaunchTests.swift */ = {isa = PBXFileReference; lastKnownFileType = sourcecode.swift; path = MoonUITestsLaunchTests.swift; sourceTree = "<group>"; };
		045514062CA235A70072221A /* API.swift */ = {isa = PBXFileReference; lastKnownFileType = sourcecode.swift; path = API.swift; sourceTree = "<group>"; };
		045514082CA23A5D0072221A /* MoonPhaseResponse.swift */ = {isa = PBXFileReference; lastKnownFileType = sourcecode.swift; path = MoonPhaseResponse.swift; sourceTree = "<group>"; };
		045514102CA26ED10072221A /* TestJSON.json */ = {isa = PBXFileReference; fileEncoding = 4; lastKnownFileType = text.json; path = TestJSON.json; sourceTree = "<group>"; };
		0476DE2E2DB3FD77009ED2A3 /* MoonModel.swift */ = {isa = PBXFileReference; lastKnownFileType = sourcecode.swift; path = MoonModel.swift; sourceTree = "<group>"; };
		0476DE302DB3FD8E009ED2A3 /* MoonShadowView.swift */ = {isa = PBXFileReference; lastKnownFileType = sourcecode.swift; path = MoonShadowView.swift; sourceTree = "<group>"; };
		0476DE322DB3FDBF009ED2A3 /* MoonShadow.swift */ = {isa = PBXFileReference; lastKnownFileType = sourcecode.swift; path = MoonShadow.swift; sourceTree = "<group>"; };
		0476DE352DB4030C009ED2A3 /* NSCache+MoonCache.swift */ = {isa = PBXFileReference; lastKnownFileType = sourcecode.swift; path = "NSCache+MoonCache.swift"; sourceTree = "<group>"; };
		0489434A2DB180FF00EC669A /* FormatStyle+NetworkFormat.swift */ = {isa = PBXFileReference; lastKnownFileType = sourcecode.swift; path = "FormatStyle+NetworkFormat.swift"; sourceTree = "<group>"; };
		0489434C2DB1811A00EC669A /* NetworkManager.swift */ = {isa = PBXFileReference; lastKnownFileType = sourcecode.swift; path = NetworkManager.swift; sourceTree = "<group>"; };
		0489434E2DB1813300EC669A /* Network.swift */ = {isa = PBXFileReference; lastKnownFileType = sourcecode.swift; path = Network.swift; sourceTree = "<group>"; };
		048943512DB1816000EC669A /* MoonPhaseDay.swift */ = {isa = PBXFileReference; lastKnownFileType = sourcecode.swift; path = MoonPhaseDay.swift; sourceTree = "<group>"; };
		048943532DB1817500EC669A /* MoonPhaseRangeResponse.swift */ = {isa = PBXFileReference; lastKnownFileType = sourcecode.swift; path = MoonPhaseRangeResponse.swift; sourceTree = "<group>"; };
		048943552DB184D000EC669A /* Moon.swift */ = {isa = PBXFileReference; lastKnownFileType = sourcecode.swift; path = Moon.swift; sourceTree = "<group>"; };
		04C24C532DCF9DC2002390A7 /* CalendarManager.swift */ = {isa = PBXFileReference; lastKnownFileType = sourcecode.swift; path = CalendarManager.swift; sourceTree = "<group>"; };
		04C24C542DCF9DC2002390A7 /* MoonCalendar.swift */ = {isa = PBXFileReference; lastKnownFileType = sourcecode.swift; path = MoonCalendar.swift; sourceTree = "<group>"; };
		04C24C572DCF9DC2002390A7 /* Location.swift */ = {isa = PBXFileReference; lastKnownFileType = sourcecode.swift; path = Location.swift; sourceTree = "<group>"; };
		04C24C582DCF9DC2002390A7 /* LocationManager.swift */ = {isa = PBXFileReference; lastKnownFileType = sourcecode.swift; path = LocationManager.swift; sourceTree = "<group>"; };
		04C24C5C2DD0EEC3002390A7 /* EnvironmentValues.swift */ = {isa = PBXFileReference; lastKnownFileType = sourcecode.swift; path = EnvironmentValues.swift; sourceTree = "<group>"; };
		04C24C622DD0EF8B002390A7 /* EventViewController.swift */ = {isa = PBXFileReference; lastKnownFileType = sourcecode.swift; path = EventViewController.swift; sourceTree = "<group>"; };
		04C24C642DD0EFD3002390A7 /* EventViewControllerDelegate.swift */ = {isa = PBXFileReference; lastKnownFileType = sourcecode.swift; path = EventViewControllerDelegate.swift; sourceTree = "<group>"; };
		04F22FAD2DBDBD11006DDADD /* MoonModelTests.swift */ = {isa = PBXFileReference; lastKnownFileType = sourcecode.swift; path = MoonModelTests.swift; sourceTree = "<group>"; };
		04F36D1D2DB84E17002D620E /* DataLoaderTests.swift */ = {isa = PBXFileReference; lastKnownFileType = sourcecode.swift; path = DataLoaderTests.swift; sourceTree = "<group>"; };
		04F36D1F2DB84F1F002D620E /* Calendar+DatesBetween.swift */ = {isa = PBXFileReference; lastKnownFileType = sourcecode.swift; path = "Calendar+DatesBetween.swift"; sourceTree = "<group>"; };
		04F36D212DB9DE6F002D620E /* NetworkManagerTests.swift */ = {isa = PBXFileReference; lastKnownFileType = sourcecode.swift; path = NetworkManagerTests.swift; sourceTree = "<group>"; };
/* End PBXFileReference section */

/* Begin PBXFrameworksBuildPhase section */
		045513D52CA234840072221A /* Frameworks */ = {
			isa = PBXFrameworksBuildPhase;
			buildActionMask = 2147483647;
			files = (
			);
			runOnlyForDeploymentPostprocessing = 0;
		};
		045513E52CA234850072221A /* Frameworks */ = {
			isa = PBXFrameworksBuildPhase;
			buildActionMask = 2147483647;
			files = (
			);
			runOnlyForDeploymentPostprocessing = 0;
		};
		045513EF2CA234850072221A /* Frameworks */ = {
			isa = PBXFrameworksBuildPhase;
			buildActionMask = 2147483647;
			files = (
			);
			runOnlyForDeploymentPostprocessing = 0;
		};
/* End PBXFrameworksBuildPhase section */

/* Begin PBXGroup section */
		0450529E2DB6860F00F2BEE3 /* Previews */ = {
			isa = PBXGroup;
			children = (
				0450529F2DB6861E00F2BEE3 /* PreviewDataLoader.swift */,
				0450529A2DB685C700F2BEE3 /* PreviewNetworkManager.swift */,
			);
			path = Previews;
			sourceTree = "<group>";
		};
		045513CF2CA234840072221A = {
			isa = PBXGroup;
			children = (
				045513DA2CA234840072221A /* Moon */,
				045513EB2CA234850072221A /* MoonTests */,
				045513F52CA234850072221A /* MoonUITests */,
				045513D92CA234840072221A /* Products */,
			);
			sourceTree = "<group>";
		};
		045513D92CA234840072221A /* Products */ = {
			isa = PBXGroup;
			children = (
				045513D82CA234840072221A /* Moon.app */,
				045513E82CA234850072221A /* MoonTests.xctest */,
				045513F22CA234850072221A /* MoonUITests.xctest */,
			);
			name = Products;
			sourceTree = "<group>";
		};
		045513DA2CA234840072221A /* Moon */ = {
			isa = PBXGroup;
			children = (
				04151B3D2DCBCC0B00B4ACB5 /* Info.plist */,
				04C24C5E2DD0EEF9002390A7 /* MoonCalendar */,
				04C24C5F2DD0EF0B002390A7 /* Location */,
				04F36D232DBA97D9002D620E /* Resources */,
				0476DE2D2DB3FD3A009ED2A3 /* View Models */,
				048943482DB180E100EC669A /* Views */,
				0455140A2CA2652B0072221A /* Utilities */,
				045513DB2CA234840072221A /* MoonApp.swift */,
				045513DD2CA234840072221A /* ContentView.swift */,
				045514052CA2359C0072221A /* Network */,
				045513DF2CA234850072221A /* Assets.xcassets */,
				045513E12CA234850072221A /* Preview Content */,
				048943492DB180E900EC669A /* Extensions */,
			);
			path = Moon;
			sourceTree = "<group>";
		};
		045513E12CA234850072221A /* Preview Content */ = {
			isa = PBXGroup;
			children = (
				045513E22CA234850072221A /* Preview Assets.xcassets */,
			);
			path = "Preview Content";
			sourceTree = "<group>";
		};
		045513EB2CA234850072221A /* MoonTests */ = {
			isa = PBXGroup;
			children = (
				04151B3B2DCBC71F00B4ACB5 /* CalendarManagerTests.swift */,
				04F22FAD2DBDBD11006DDADD /* MoonModelTests.swift */,
				04F36D212DB9DE6F002D620E /* NetworkManagerTests.swift */,
				04F36D1D2DB84E17002D620E /* DataLoaderTests.swift */,
				045514102CA26ED10072221A /* TestJSON.json */,
				045513EC2CA234850072221A /* MoonPhaseResponseTests.swift */,
			);
			path = MoonTests;
			sourceTree = "<group>";
		};
		045513F52CA234850072221A /* MoonUITests */ = {
			isa = PBXGroup;
			children = (
				045513F62CA234850072221A /* MoonUITests.swift */,
				045513F82CA234850072221A /* MoonUITestsLaunchTests.swift */,
			);
			path = MoonUITests;
			sourceTree = "<group>";
		};
		045514052CA2359C0072221A /* Network */ = {
			isa = PBXGroup;
			children = (
				0450529E2DB6860F00F2BEE3 /* Previews */,
				048943502DB1815100EC669A /* Models */,
				045514062CA235A70072221A /* API.swift */,
				0450529C2DB685F000F2BEE3 /* DataLoader.swift */,
				0489434E2DB1813300EC669A /* Network.swift */,
				0489434C2DB1811A00EC669A /* NetworkManager.swift */,
			);
			path = Network;
			sourceTree = "<group>";
		};
		0455140A2CA2652B0072221A /* Utilities */ = {
			isa = PBXGroup;
			children = (
				04C24C5C2DD0EEC3002390A7 /* EnvironmentValues.swift */,
			);
			path = Utilities;
			sourceTree = "<group>";
		};
		0476DE2D2DB3FD3A009ED2A3 /* View Models */ = {
			isa = PBXGroup;
			children = (
				0476DE2E2DB3FD77009ED2A3 /* MoonModel.swift */,
			);
			path = "View Models";
			sourceTree = "<group>";
		};
		0476DE342DB3FE63009ED2A3 /* Shapes */ = {
			isa = PBXGroup;
			children = (
				0476DE322DB3FDBF009ED2A3 /* MoonShadow.swift */,
			);
			path = Shapes;
			sourceTree = "<group>";
		};
		048943482DB180E100EC669A /* Views */ = {
			isa = PBXGroup;
			children = (
				0476DE342DB3FE63009ED2A3 /* Shapes */,
				0476DE302DB3FD8E009ED2A3 /* MoonShadowView.swift */,
				045052A12DB6AC0200F2BEE3 /* AnimatedMoon.swift */,
				048943552DB184D000EC669A /* Moon.swift */,
			);
			path = Views;
			sourceTree = "<group>";
		};
		048943492DB180E900EC669A /* Extensions */ = {
			isa = PBXGroup;
			children = (
				04F36D1F2DB84F1F002D620E /* Calendar+DatesBetween.swift */,
				045052982DB685A300F2BEE3 /* Sequence+Async.swift */,
				0476DE352DB4030C009ED2A3 /* NSCache+MoonCache.swift */,
				0489434A2DB180FF00EC669A /* FormatStyle+NetworkFormat.swift */,
			);
			path = Extensions;
			sourceTree = "<group>";
		};
		048943502DB1815100EC669A /* Models */ = {
			isa = PBXGroup;
			children = (
				048943532DB1817500EC669A /* MoonPhaseRangeResponse.swift */,
				048943512DB1816000EC669A /* MoonPhaseDay.swift */,
				045514082CA23A5D0072221A /* MoonPhaseResponse.swift */,
			);
			path = Models;
			sourceTree = "<group>";
		};
		04C24C5E2DD0EEF9002390A7 /* MoonCalendar */ = {
			isa = PBXGroup;
			children = (
				04C24C642DD0EFD3002390A7 /* EventViewControllerDelegate.swift */,
				04C24C622DD0EF8B002390A7 /* EventViewController.swift */,
				04C24C532DCF9DC2002390A7 /* CalendarManager.swift */,
				04C24C542DCF9DC2002390A7 /* MoonCalendar.swift */,
			);
			path = MoonCalendar;
			sourceTree = "<group>";
		};
		04C24C5F2DD0EF0B002390A7 /* Location */ = {
			isa = PBXGroup;
			children = (
				04C24C572DCF9DC2002390A7 /* Location.swift */,
				04C24C582DCF9DC2002390A7 /* LocationManager.swift */,
			);
			path = Location;
			sourceTree = "<group>";
		};
		04F36D232DBA97D9002D620E /* Resources */ = {
			isa = PBXGroup;
			children = (
			);
			path = Resources;
			sourceTree = "<group>";
		};
/* End PBXGroup section */

/* Begin PBXNativeTarget section */
		045513D72CA234840072221A /* Moon */ = {
			isa = PBXNativeTarget;
			buildConfigurationList = 045513FC2CA234850072221A /* Build configuration list for PBXNativeTarget "Moon" */;
			buildPhases = (
				045513D42CA234840072221A /* Sources */,
				045513D52CA234840072221A /* Frameworks */,
				045513D62CA234840072221A /* Resources */,
			);
			buildRules = (
			);
			dependencies = (
			);
			name = Moon;
			productName = Moon;
			productReference = 045513D82CA234840072221A /* Moon.app */;
			productType = "com.apple.product-type.application";
		};
		045513E72CA234850072221A /* MoonTests */ = {
			isa = PBXNativeTarget;
			buildConfigurationList = 045513FF2CA234850072221A /* Build configuration list for PBXNativeTarget "MoonTests" */;
			buildPhases = (
				045513E42CA234850072221A /* Sources */,
				045513E52CA234850072221A /* Frameworks */,
				045513E62CA234850072221A /* Resources */,
			);
			buildRules = (
			);
			dependencies = (
				045513EA2CA234850072221A /* PBXTargetDependency */,
			);
			name = MoonTests;
			productName = MoonTests;
			productReference = 045513E82CA234850072221A /* MoonTests.xctest */;
			productType = "com.apple.product-type.bundle.unit-test";
		};
		045513F12CA234850072221A /* MoonUITests */ = {
			isa = PBXNativeTarget;
			buildConfigurationList = 045514022CA234850072221A /* Build configuration list for PBXNativeTarget "MoonUITests" */;
			buildPhases = (
				045513EE2CA234850072221A /* Sources */,
				045513EF2CA234850072221A /* Frameworks */,
				045513F02CA234850072221A /* Resources */,
			);
			buildRules = (
			);
			dependencies = (
				045513F42CA234850072221A /* PBXTargetDependency */,
			);
			name = MoonUITests;
			productName = MoonUITests;
			productReference = 045513F22CA234850072221A /* MoonUITests.xctest */;
			productType = "com.apple.product-type.bundle.ui-testing";
		};
/* End PBXNativeTarget section */

/* Begin PBXProject section */
		045513D02CA234840072221A /* Project object */ = {
			isa = PBXProject;
			attributes = {
				BuildIndependentTargetsInParallel = 1;
				LastSwiftUpdateCheck = 1540;
				LastUpgradeCheck = 1630;
				TargetAttributes = {
					045513D72CA234840072221A = {
						CreatedOnToolsVersion = 15.4;
					};
					045513E72CA234850072221A = {
						CreatedOnToolsVersion = 15.4;
						TestTargetID = 045513D72CA234840072221A;
					};
					045513F12CA234850072221A = {
						CreatedOnToolsVersion = 15.4;
						TestTargetID = 045513D72CA234840072221A;
					};
				};
			};
			buildConfigurationList = 045513D32CA234840072221A /* Build configuration list for PBXProject "Moon" */;
			compatibilityVersion = "Xcode 14.0";
			developmentRegion = en;
			hasScannedForEncodings = 0;
			knownRegions = (
				en,
				Base,
			);
			mainGroup = 045513CF2CA234840072221A;
			packageReferences = (
				045052A32DB7CC4E00F2BEE3 /* XCRemoteSwiftPackageReference "SwiftLintPlugins" */,
			);
			productRefGroup = 045513D92CA234840072221A /* Products */;
			projectDirPath = "";
			projectRoot = "";
			targets = (
				045513D72CA234840072221A /* Moon */,
				045513E72CA234850072221A /* MoonTests */,
				045513F12CA234850072221A /* MoonUITests */,
			);
		};
/* End PBXProject section */

/* Begin PBXResourcesBuildPhase section */
		045513D62CA234840072221A /* Resources */ = {
			isa = PBXResourcesBuildPhase;
			buildActionMask = 2147483647;
			files = (
				045513E32CA234850072221A /* Preview Assets.xcassets in Resources */,
				045513E02CA234850072221A /* Assets.xcassets in Resources */,
			);
			runOnlyForDeploymentPostprocessing = 0;
		};
		045513E62CA234850072221A /* Resources */ = {
			isa = PBXResourcesBuildPhase;
			buildActionMask = 2147483647;
			files = (
				045514112CA26ED10072221A /* TestJSON.json in Resources */,
			);
			runOnlyForDeploymentPostprocessing = 0;
		};
		045513F02CA234850072221A /* Resources */ = {
			isa = PBXResourcesBuildPhase;
			buildActionMask = 2147483647;
			files = (
			);
			runOnlyForDeploymentPostprocessing = 0;
		};
/* End PBXResourcesBuildPhase section */

/* Begin PBXSourcesBuildPhase section */
		045513D42CA234840072221A /* Sources */ = {
			isa = PBXSourcesBuildPhase;
			buildActionMask = 2147483647;
			files = (
				048943562DB184D600EC669A /* Moon.swift in Sources */,
				045052A22DB6AC0500F2BEE3 /* AnimatedMoon.swift in Sources */,
				0489434D2DB1811D00EC669A /* NetworkManager.swift in Sources */,
				0476DE2F2DB3FD7A009ED2A3 /* MoonModel.swift in Sources */,
				048943542DB1817900EC669A /* MoonPhaseRangeResponse.swift in Sources */,
				04C24C632DD0EF8B002390A7 /* EventViewController.swift in Sources */,
				045513DE2CA234840072221A /* ContentView.swift in Sources */,
				0450529D2DB685F400F2BEE3 /* DataLoader.swift in Sources */,
				045514072CA235A70072221A /* API.swift in Sources */,
				045513DC2CA234840072221A /* MoonApp.swift in Sources */,
				04C24C592DCF9DC2002390A7 /* LocationManager.swift in Sources */,
				04C24C5D2DD0EEC8002390A7 /* EnvironmentValues.swift in Sources */,
				04C24C5A2DCF9DC2002390A7 /* Location.swift in Sources */,
				045514092CA23A5D0072221A /* MoonPhaseResponse.swift in Sources */,
				04F36D202DB84F24002D620E /* Calendar+DatesBetween.swift in Sources */,
				048943522DB1816200EC669A /* MoonPhaseDay.swift in Sources */,
				0476DE312DB3FD93009ED2A3 /* MoonShadowView.swift in Sources */,
				045052992DB685A700F2BEE3 /* Sequence+Async.swift in Sources */,
				0489434F2DB1813600EC669A /* Network.swift in Sources */,
				045052A02DB6862100F2BEE3 /* PreviewDataLoader.swift in Sources */,
				0476DE362DB40311009ED2A3 /* NSCache+MoonCache.swift in Sources */,
				0450529B2DB685CB00F2BEE3 /* PreviewNetworkManager.swift in Sources */,
				0476DE332DB3FDC1009ED2A3 /* MoonShadow.swift in Sources */,
				04C24C552DCF9DC2002390A7 /* CalendarManager.swift in Sources */,
				04C24C562DCF9DC2002390A7 /* MoonCalendar.swift in Sources */,
				0489434B2DB1810400EC669A /* FormatStyle+NetworkFormat.swift in Sources */,
				04C24C652DD0EFD3002390A7 /* EventViewControllerDelegate.swift in Sources */,
			);
			runOnlyForDeploymentPostprocessing = 0;
		};
		045513E42CA234850072221A /* Sources */ = {
			isa = PBXSourcesBuildPhase;
			buildActionMask = 2147483647;
			files = (
				04F22FAE2DBDBD16006DDADD /* MoonModelTests.swift in Sources */,
				04F36D222DB9DE75002D620E /* NetworkManagerTests.swift in Sources */,
				04F36D1E2DB84E1A002D620E /* DataLoaderTests.swift in Sources */,
				045513ED2CA234850072221A /* MoonPhaseResponseTests.swift in Sources */,
				04151B3C2DCBC72500B4ACB5 /* CalendarManagerTests.swift in Sources */,
			);
			runOnlyForDeploymentPostprocessing = 0;
		};
		045513EE2CA234850072221A /* Sources */ = {
			isa = PBXSourcesBuildPhase;
			buildActionMask = 2147483647;
			files = (
				045513F72CA234850072221A /* MoonUITests.swift in Sources */,
				045513F92CA234850072221A /* MoonUITestsLaunchTests.swift in Sources */,
			);
			runOnlyForDeploymentPostprocessing = 0;
		};
/* End PBXSourcesBuildPhase section */

/* Begin PBXTargetDependency section */
		045513EA2CA234850072221A /* PBXTargetDependency */ = {
			isa = PBXTargetDependency;
			target = 045513D72CA234840072221A /* Moon */;
			targetProxy = 045513E92CA234850072221A /* PBXContainerItemProxy */;
		};
		045513F42CA234850072221A /* PBXTargetDependency */ = {
			isa = PBXTargetDependency;
			target = 045513D72CA234840072221A /* Moon */;
			targetProxy = 045513F32CA234850072221A /* PBXContainerItemProxy */;
		};
/* End PBXTargetDependency section */

/* Begin XCBuildConfiguration section */
		045513FA2CA234850072221A /* Debug */ = {
			isa = XCBuildConfiguration;
			buildSettings = {
				ALWAYS_SEARCH_USER_PATHS = NO;
				ASSETCATALOG_COMPILER_GENERATE_SWIFT_ASSET_SYMBOL_EXTENSIONS = YES;
				CLANG_ANALYZER_NONNULL = YES;
				CLANG_ANALYZER_NUMBER_OBJECT_CONVERSION = YES_AGGRESSIVE;
				CLANG_CXX_LANGUAGE_STANDARD = "gnu++20";
				CLANG_ENABLE_MODULES = YES;
				CLANG_ENABLE_OBJC_ARC = YES;
				CLANG_ENABLE_OBJC_WEAK = YES;
				CLANG_WARN_BLOCK_CAPTURE_AUTORELEASING = YES;
				CLANG_WARN_BOOL_CONVERSION = YES;
				CLANG_WARN_COMMA = YES;
				CLANG_WARN_CONSTANT_CONVERSION = YES;
				CLANG_WARN_DEPRECATED_OBJC_IMPLEMENTATIONS = YES;
				CLANG_WARN_DIRECT_OBJC_ISA_USAGE = YES_ERROR;
				CLANG_WARN_DOCUMENTATION_COMMENTS = YES;
				CLANG_WARN_EMPTY_BODY = YES;
				CLANG_WARN_ENUM_CONVERSION = YES;
				CLANG_WARN_INFINITE_RECURSION = YES;
				CLANG_WARN_INT_CONVERSION = YES;
				CLANG_WARN_NON_LITERAL_NULL_CONVERSION = YES;
				CLANG_WARN_OBJC_IMPLICIT_RETAIN_SELF = YES;
				CLANG_WARN_OBJC_LITERAL_CONVERSION = YES;
				CLANG_WARN_OBJC_ROOT_CLASS = YES_ERROR;
				CLANG_WARN_QUOTED_INCLUDE_IN_FRAMEWORK_HEADER = YES;
				CLANG_WARN_RANGE_LOOP_ANALYSIS = YES;
				CLANG_WARN_STRICT_PROTOTYPES = YES;
				CLANG_WARN_SUSPICIOUS_MOVE = YES;
				CLANG_WARN_UNGUARDED_AVAILABILITY = YES_AGGRESSIVE;
				CLANG_WARN_UNREACHABLE_CODE = YES;
				CLANG_WARN__DUPLICATE_METHOD_MATCH = YES;
				COPY_PHASE_STRIP = NO;
				DEBUG_INFORMATION_FORMAT = dwarf;
				DEVELOPMENT_TEAM = 9RH4L8S898;
				ENABLE_STRICT_OBJC_MSGSEND = YES;
				ENABLE_TESTABILITY = YES;
				ENABLE_USER_SCRIPT_SANDBOXING = YES;
				GCC_C_LANGUAGE_STANDARD = gnu17;
				GCC_DYNAMIC_NO_PIC = NO;
				GCC_NO_COMMON_BLOCKS = YES;
				GCC_OPTIMIZATION_LEVEL = 0;
				GCC_PREPROCESSOR_DEFINITIONS = (
					"DEBUG=1",
					"$(inherited)",
				);
				GCC_WARN_64_TO_32_BIT_CONVERSION = YES;
				GCC_WARN_ABOUT_RETURN_TYPE = YES_ERROR;
				GCC_WARN_UNDECLARED_SELECTOR = YES;
				GCC_WARN_UNINITIALIZED_AUTOS = YES_AGGRESSIVE;
				GCC_WARN_UNUSED_FUNCTION = YES;
				GCC_WARN_UNUSED_VARIABLE = YES;
				IPHONEOS_DEPLOYMENT_TARGET = 17.5;
				LOCALIZATION_PREFERS_STRING_CATALOGS = YES;
				MTL_ENABLE_DEBUG_INFO = INCLUDE_SOURCE;
				MTL_FAST_MATH = YES;
				ONLY_ACTIVE_ARCH = YES;
				SDKROOT = iphoneos;
				SWIFT_ACTIVE_COMPILATION_CONDITIONS = "DEBUG $(inherited)";
				SWIFT_OPTIMIZATION_LEVEL = "-Onone";
			};
			name = Debug;
		};
		045513FB2CA234850072221A /* Release */ = {
			isa = XCBuildConfiguration;
			buildSettings = {
				ALWAYS_SEARCH_USER_PATHS = NO;
				ASSETCATALOG_COMPILER_GENERATE_SWIFT_ASSET_SYMBOL_EXTENSIONS = YES;
				CLANG_ANALYZER_NONNULL = YES;
				CLANG_ANALYZER_NUMBER_OBJECT_CONVERSION = YES_AGGRESSIVE;
				CLANG_CXX_LANGUAGE_STANDARD = "gnu++20";
				CLANG_ENABLE_MODULES = YES;
				CLANG_ENABLE_OBJC_ARC = YES;
				CLANG_ENABLE_OBJC_WEAK = YES;
				CLANG_WARN_BLOCK_CAPTURE_AUTORELEASING = YES;
				CLANG_WARN_BOOL_CONVERSION = YES;
				CLANG_WARN_COMMA = YES;
				CLANG_WARN_CONSTANT_CONVERSION = YES;
				CLANG_WARN_DEPRECATED_OBJC_IMPLEMENTATIONS = YES;
				CLANG_WARN_DIRECT_OBJC_ISA_USAGE = YES_ERROR;
				CLANG_WARN_DOCUMENTATION_COMMENTS = YES;
				CLANG_WARN_EMPTY_BODY = YES;
				CLANG_WARN_ENUM_CONVERSION = YES;
				CLANG_WARN_INFINITE_RECURSION = YES;
				CLANG_WARN_INT_CONVERSION = YES;
				CLANG_WARN_NON_LITERAL_NULL_CONVERSION = YES;
				CLANG_WARN_OBJC_IMPLICIT_RETAIN_SELF = YES;
				CLANG_WARN_OBJC_LITERAL_CONVERSION = YES;
				CLANG_WARN_OBJC_ROOT_CLASS = YES_ERROR;
				CLANG_WARN_QUOTED_INCLUDE_IN_FRAMEWORK_HEADER = YES;
				CLANG_WARN_RANGE_LOOP_ANALYSIS = YES;
				CLANG_WARN_STRICT_PROTOTYPES = YES;
				CLANG_WARN_SUSPICIOUS_MOVE = YES;
				CLANG_WARN_UNGUARDED_AVAILABILITY = YES_AGGRESSIVE;
				CLANG_WARN_UNREACHABLE_CODE = YES;
				CLANG_WARN__DUPLICATE_METHOD_MATCH = YES;
				COPY_PHASE_STRIP = NO;
				DEBUG_INFORMATION_FORMAT = "dwarf-with-dsym";
				DEVELOPMENT_TEAM = 9RH4L8S898;
				ENABLE_NS_ASSERTIONS = NO;
				ENABLE_STRICT_OBJC_MSGSEND = YES;
				ENABLE_USER_SCRIPT_SANDBOXING = YES;
				GCC_C_LANGUAGE_STANDARD = gnu17;
				GCC_NO_COMMON_BLOCKS = YES;
				GCC_WARN_64_TO_32_BIT_CONVERSION = YES;
				GCC_WARN_ABOUT_RETURN_TYPE = YES_ERROR;
				GCC_WARN_UNDECLARED_SELECTOR = YES;
				GCC_WARN_UNINITIALIZED_AUTOS = YES_AGGRESSIVE;
				GCC_WARN_UNUSED_FUNCTION = YES;
				GCC_WARN_UNUSED_VARIABLE = YES;
				IPHONEOS_DEPLOYMENT_TARGET = 17.5;
				LOCALIZATION_PREFERS_STRING_CATALOGS = YES;
				MTL_ENABLE_DEBUG_INFO = NO;
				MTL_FAST_MATH = YES;
				SDKROOT = iphoneos;
				SWIFT_COMPILATION_MODE = wholemodule;
				VALIDATE_PRODUCT = YES;
			};
			name = Release;
		};
		045513FD2CA234850072221A /* Debug */ = {
			isa = XCBuildConfiguration;
			buildSettings = {
				ASSETCATALOG_COMPILER_APPICON_NAME = AppIcon;
				ASSETCATALOG_COMPILER_GLOBAL_ACCENT_COLOR_NAME = AccentColor;
				CODE_SIGN_STYLE = Automatic;
				CURRENT_PROJECT_VERSION = 1;
				DEVELOPMENT_ASSET_PATHS = "\"Moon/Preview Content\"";
				DEVELOPMENT_TEAM = 9RH4L8S898;
				ENABLE_PREVIEWS = YES;
				GENERATE_INFOPLIST_FILE = YES;
				INFOPLIST_FILE = Moon/Info.plist;
				INFOPLIST_KEY_NSLocationWhenInUseUsageDescription = "Moon uses your location to determine the correct moon phase";
				INFOPLIST_KEY_UIApplicationSceneManifest_Generation = YES;
				INFOPLIST_KEY_UIApplicationSupportsIndirectInputEvents = YES;
				INFOPLIST_KEY_UILaunchScreen_Generation = YES;
				INFOPLIST_KEY_UISupportedInterfaceOrientations_iPad = "UIInterfaceOrientationPortrait UIInterfaceOrientationPortraitUpsideDown UIInterfaceOrientationLandscapeLeft UIInterfaceOrientationLandscapeRight";
				INFOPLIST_KEY_UISupportedInterfaceOrientations_iPhone = "UIInterfaceOrientationPortrait UIInterfaceOrientationLandscapeLeft UIInterfaceOrientationLandscapeRight";
				LD_RUNPATH_SEARCH_PATHS = (
					"$(inherited)",
					"@executable_path/Frameworks",
				);
				MARKETING_VERSION = 1.0;
				PRODUCT_BUNDLE_IDENTIFIER = nielubowicz.Moon;
				PRODUCT_NAME = "$(TARGET_NAME)";
				SWIFT_EMIT_LOC_STRINGS = YES;
				SWIFT_VERSION = 5.0;
				TARGETED_DEVICE_FAMILY = "1,2";
			};
			name = Debug;
		};
		045513FE2CA234850072221A /* Release */ = {
			isa = XCBuildConfiguration;
			buildSettings = {
				ASSETCATALOG_COMPILER_APPICON_NAME = AppIcon;
				ASSETCATALOG_COMPILER_GLOBAL_ACCENT_COLOR_NAME = AccentColor;
				CODE_SIGN_STYLE = Automatic;
				CURRENT_PROJECT_VERSION = 1;
				DEVELOPMENT_ASSET_PATHS = "\"Moon/Preview Content\"";
				DEVELOPMENT_TEAM = 9RH4L8S898;
				ENABLE_PREVIEWS = YES;
				GENERATE_INFOPLIST_FILE = YES;
				INFOPLIST_FILE = Moon/Info.plist;
				INFOPLIST_KEY_NSLocationWhenInUseUsageDescription = "Moon uses your location to determine the correct moon phase";
				INFOPLIST_KEY_UIApplicationSceneManifest_Generation = YES;
				INFOPLIST_KEY_UIApplicationSupportsIndirectInputEvents = YES;
				INFOPLIST_KEY_UILaunchScreen_Generation = YES;
				INFOPLIST_KEY_UISupportedInterfaceOrientations_iPad = "UIInterfaceOrientationPortrait UIInterfaceOrientationPortraitUpsideDown UIInterfaceOrientationLandscapeLeft UIInterfaceOrientationLandscapeRight";
				INFOPLIST_KEY_UISupportedInterfaceOrientations_iPhone = "UIInterfaceOrientationPortrait UIInterfaceOrientationLandscapeLeft UIInterfaceOrientationLandscapeRight";
				LD_RUNPATH_SEARCH_PATHS = (
					"$(inherited)",
					"@executable_path/Frameworks",
				);
				MARKETING_VERSION = 1.0;
				PRODUCT_BUNDLE_IDENTIFIER = nielubowicz.Moon;
				PRODUCT_NAME = "$(TARGET_NAME)";
				SWIFT_EMIT_LOC_STRINGS = YES;
				SWIFT_VERSION = 5.0;
				TARGETED_DEVICE_FAMILY = "1,2";
			};
			name = Release;
		};
		045514002CA234850072221A /* Debug */ = {
			isa = XCBuildConfiguration;
			buildSettings = {
				BUNDLE_LOADER = "$(TEST_HOST)";
				CODE_SIGN_STYLE = Automatic;
				CURRENT_PROJECT_VERSION = 1;
				GENERATE_INFOPLIST_FILE = YES;
				IPHONEOS_DEPLOYMENT_TARGET = 17.5;
				MARKETING_VERSION = 1.0;
				PRODUCT_BUNDLE_IDENTIFIER = nielubowicz.MoonTests;
				PRODUCT_NAME = "$(TARGET_NAME)";
				SWIFT_EMIT_LOC_STRINGS = NO;
				SWIFT_VERSION = 5.0;
				TARGETED_DEVICE_FAMILY = "1,2";
				TEST_HOST = "$(BUILT_PRODUCTS_DIR)/Moon.app/$(BUNDLE_EXECUTABLE_FOLDER_PATH)/Moon";
			};
			name = Debug;
		};
		045514012CA234850072221A /* Release */ = {
			isa = XCBuildConfiguration;
			buildSettings = {
				BUNDLE_LOADER = "$(TEST_HOST)";
				CODE_SIGN_STYLE = Automatic;
				CURRENT_PROJECT_VERSION = 1;
				GENERATE_INFOPLIST_FILE = YES;
				IPHONEOS_DEPLOYMENT_TARGET = 17.5;
				MARKETING_VERSION = 1.0;
				PRODUCT_BUNDLE_IDENTIFIER = nielubowicz.MoonTests;
				PRODUCT_NAME = "$(TARGET_NAME)";
				SWIFT_EMIT_LOC_STRINGS = NO;
				SWIFT_VERSION = 5.0;
				TARGETED_DEVICE_FAMILY = "1,2";
				TEST_HOST = "$(BUILT_PRODUCTS_DIR)/Moon.app/$(BUNDLE_EXECUTABLE_FOLDER_PATH)/Moon";
			};
			name = Release;
		};
		045514032CA234850072221A /* Debug */ = {
			isa = XCBuildConfiguration;
			buildSettings = {
				CODE_SIGN_STYLE = Automatic;
				CURRENT_PROJECT_VERSION = 1;
				GENERATE_INFOPLIST_FILE = YES;
				MARKETING_VERSION = 1.0;
				PRODUCT_BUNDLE_IDENTIFIER = nielubowicz.MoonUITests;
				PRODUCT_NAME = "$(TARGET_NAME)";
				SWIFT_EMIT_LOC_STRINGS = NO;
				SWIFT_VERSION = 5.0;
				TARGETED_DEVICE_FAMILY = "1,2";
				TEST_TARGET_NAME = Moon;
			};
			name = Debug;
		};
		045514042CA234850072221A /* Release */ = {
			isa = XCBuildConfiguration;
			buildSettings = {
				CODE_SIGN_STYLE = Automatic;
				CURRENT_PROJECT_VERSION = 1;
				GENERATE_INFOPLIST_FILE = YES;
				MARKETING_VERSION = 1.0;
				PRODUCT_BUNDLE_IDENTIFIER = nielubowicz.MoonUITests;
				PRODUCT_NAME = "$(TARGET_NAME)";
				SWIFT_EMIT_LOC_STRINGS = NO;
				SWIFT_VERSION = 5.0;
				TARGETED_DEVICE_FAMILY = "1,2";
				TEST_TARGET_NAME = Moon;
			};
			name = Release;
		};
/* End XCBuildConfiguration section */

/* Begin XCConfigurationList section */
		045513D32CA234840072221A /* Build configuration list for PBXProject "Moon" */ = {
			isa = XCConfigurationList;
			buildConfigurations = (
				045513FA2CA234850072221A /* Debug */,
				045513FB2CA234850072221A /* Release */,
			);
			defaultConfigurationIsVisible = 0;
			defaultConfigurationName = Release;
		};
		045513FC2CA234850072221A /* Build configuration list for PBXNativeTarget "Moon" */ = {
			isa = XCConfigurationList;
			buildConfigurations = (
				045513FD2CA234850072221A /* Debug */,
				045513FE2CA234850072221A /* Release */,
			);
			defaultConfigurationIsVisible = 0;
			defaultConfigurationName = Release;
		};
		045513FF2CA234850072221A /* Build configuration list for PBXNativeTarget "MoonTests" */ = {
			isa = XCConfigurationList;
			buildConfigurations = (
				045514002CA234850072221A /* Debug */,
				045514012CA234850072221A /* Release */,
			);
			defaultConfigurationIsVisible = 0;
			defaultConfigurationName = Release;
		};
		045514022CA234850072221A /* Build configuration list for PBXNativeTarget "MoonUITests" */ = {
			isa = XCConfigurationList;
			buildConfigurations = (
				045514032CA234850072221A /* Debug */,
				045514042CA234850072221A /* Release */,
			);
			defaultConfigurationIsVisible = 0;
			defaultConfigurationName = Release;
		};
/* End XCConfigurationList section */

/* Begin XCRemoteSwiftPackageReference section */
		045052A32DB7CC4E00F2BEE3 /* XCRemoteSwiftPackageReference "SwiftLintPlugins" */ = {
			isa = XCRemoteSwiftPackageReference;
			repositoryURL = "https://github.com/SimplyDanny/SwiftLintPlugins";
			requirement = {
				kind = upToNextMajorVersion;
				minimumVersion = 0.59.1;
			};
		};
/* End XCRemoteSwiftPackageReference section */
	};
	rootObject = 045513D02CA234840072221A /* Project object */;
}
